// !$*UTF8*$!
{
	archiveVersion = 1;
	classes = {
	};
	objectVersion = 46;
	objects = {

/* Begin PBXBuildFile section */
		719FC52F1E1A069F00FDB526 /* AppDelegate.swift in Sources */ = {isa = PBXBuildFile; fileRef = 719FC52E1E1A069F00FDB526 /* AppDelegate.swift */; };
		719FC5311E1A069F00FDB526 /* GameScene.sks in Resources */ = {isa = PBXBuildFile; fileRef = 719FC5301E1A069F00FDB526 /* GameScene.sks */; };
		719FC5331E1A069F00FDB526 /* Actions.sks in Resources */ = {isa = PBXBuildFile; fileRef = 719FC5321E1A069F00FDB526 /* Actions.sks */; };
		719FC5351E1A069F00FDB526 /* GameScene.swift in Sources */ = {isa = PBXBuildFile; fileRef = 719FC5341E1A069F00FDB526 /* GameScene.swift */; };
		719FC5371E1A069F00FDB526 /* GameViewController.swift in Sources */ = {isa = PBXBuildFile; fileRef = 719FC5361E1A069F00FDB526 /* GameViewController.swift */; };
		719FC53A1E1A069F00FDB526 /* Main.storyboard in Resources */ = {isa = PBXBuildFile; fileRef = 719FC5381E1A069F00FDB526 /* Main.storyboard */; };
		719FC53C1E1A069F00FDB526 /* Assets.xcassets in Resources */ = {isa = PBXBuildFile; fileRef = 719FC53B1E1A069F00FDB526 /* Assets.xcassets */; };
		719FC53F1E1A069F00FDB526 /* LaunchScreen.storyboard in Resources */ = {isa = PBXBuildFile; fileRef = 719FC53D1E1A069F00FDB526 /* LaunchScreen.storyboard */; };
		719FC56C1E1B668000FDB526 /* RamdomFuntion.swift in Sources */ = {isa = PBXBuildFile; fileRef = 719FC56B1E1B668000FDB526 /* RamdomFuntion.swift */; };
		719FC56E1E1CC05400FDB526 /* 04B_19__.TTF in Resources */ = {isa = PBXBuildFile; fileRef = 719FC56D1E1CC05400FDB526 /* 04B_19__.TTF */; };
/* End PBXBuildFile section */

/* Begin PBXFileReference section */
		719FC52B1E1A069F00FDB526 /* Flappy Juan Fer.app */ = {isa = PBXFileReference; explicitFileType = wrapper.application; includeInIndex = 0; path = "Flappy Juan Fer.app"; sourceTree = BUILT_PRODUCTS_DIR; };
		719FC52E1E1A069F00FDB526 /* AppDelegate.swift */ = {isa = PBXFileReference; lastKnownFileType = sourcecode.swift; path = AppDelegate.swift; sourceTree = "<group>"; };
		719FC5301E1A069F00FDB526 /* GameScene.sks */ = {isa = PBXFileReference; lastKnownFileType = file.sks; path = GameScene.sks; sourceTree = "<group>"; };
		719FC5321E1A069F00FDB526 /* Actions.sks */ = {isa = PBXFileReference; lastKnownFileType = file.sks; path = Actions.sks; sourceTree = "<group>"; };
		719FC5341E1A069F00FDB526 /* GameScene.swift */ = {isa = PBXFileReference; lastKnownFileType = sourcecode.swift; path = GameScene.swift; sourceTree = "<group>"; };
		719FC5361E1A069F00FDB526 /* GameViewController.swift */ = {isa = PBXFileReference; lastKnownFileType = sourcecode.swift; path = GameViewController.swift; sourceTree = "<group>"; };
		719FC5391E1A069F00FDB526 /* Base */ = {isa = PBXFileReference; lastKnownFileType = file.storyboard; name = Base; path = Base.lproj/Main.storyboard; sourceTree = "<group>"; };
		719FC53B1E1A069F00FDB526 /* Assets.xcassets */ = {isa = PBXFileReference; lastKnownFileType = folder.assetcatalog; path = Assets.xcassets; sourceTree = "<group>"; };
		719FC53E1E1A069F00FDB526 /* Base */ = {isa = PBXFileReference; lastKnownFileType = file.storyboard; name = Base; path = Base.lproj/LaunchScreen.storyboard; sourceTree = "<group>"; };
		719FC5401E1A069F00FDB526 /* Info.plist */ = {isa = PBXFileReference; lastKnownFileType = text.plist.xml; path = Info.plist; sourceTree = "<group>"; };
		719FC56A1E1B08B200FDB526 /* jjj.playground */ = {isa = PBXFileReference; lastKnownFileType = file.playground; path = jjj.playground; sourceTree = "<group>"; };
		719FC56B1E1B668000FDB526 /* RamdomFuntion.swift */ = {isa = PBXFileReference; fileEncoding = 4; lastKnownFileType = sourcecode.swift; path = RamdomFuntion.swift; sourceTree = "<group>"; };
		719FC56D1E1CC05400FDB526 /* 04B_19__.TTF */ = {isa = PBXFileReference; lastKnownFileType = file; path = 04B_19__.TTF; sourceTree = "<group>"; };
/* End PBXFileReference section */

/* Begin PBXFrameworksBuildPhase section */
		719FC5281E1A069F00FDB526 /* Frameworks */ = {
			isa = PBXFrameworksBuildPhase;
			buildActionMask = 2147483647;
			files = (
			);
			runOnlyForDeploymentPostprocessing = 0;
		};
/* End PBXFrameworksBuildPhase section */

/* Begin PBXGroup section */
		719FC5221E1A069F00FDB526 = {
			isa = PBXGroup;
			children = (
				719FC52D1E1A069F00FDB526 /* Flappy Juan Fer */,
				719FC52C1E1A069F00FDB526 /* Products */,
			);
			sourceTree = "<group>";
		};
		719FC52C1E1A069F00FDB526 /* Products */ = {
			isa = PBXGroup;
			children = (
				719FC52B1E1A069F00FDB526 /* Flappy Juan Fer.app */,
			);
			name = Products;
			sourceTree = "<group>";
		};
		719FC52D1E1A069F00FDB526 /* Flappy Juan Fer */ = {
			isa = PBXGroup;
			children = (
				719FC56D1E1CC05400FDB526 /* 04B_19__.TTF */,
				719FC52E1E1A069F00FDB526 /* AppDelegate.swift */,
				719FC5301E1A069F00FDB526 /* GameScene.sks */,
				719FC5321E1A069F00FDB526 /* Actions.sks */,
				719FC56B1E1B668000FDB526 /* RamdomFuntion.swift */,
				719FC5341E1A069F00FDB526 /* GameScene.swift */,
				719FC5361E1A069F00FDB526 /* GameViewController.swift */,
				719FC5381E1A069F00FDB526 /* Main.storyboard */,
				719FC53B1E1A069F00FDB526 /* Assets.xcassets */,
				719FC53D1E1A069F00FDB526 /* LaunchScreen.storyboard */,
				719FC5401E1A069F00FDB526 /* Info.plist */,
				719FC56A1E1B08B200FDB526 /* jjj.playground */,
			);
			path = "Flappy Juan Fer";
			sourceTree = "<group>";
		};
/* End PBXGroup section */

/* Begin PBXNativeTarget section */
		719FC52A1E1A069F00FDB526 /* Flappy Juan Fer */ = {
			isa = PBXNativeTarget;
			buildConfigurationList = 719FC5431E1A069F00FDB526 /* Build configuration list for PBXNativeTarget "Flappy Juan Fer" */;
			buildPhases = (
				719FC5271E1A069F00FDB526 /* Sources */,
				719FC5281E1A069F00FDB526 /* Frameworks */,
				719FC5291E1A069F00FDB526 /* Resources */,
			);
			buildRules = (
			);
			dependencies = (
			);
			name = "Flappy Juan Fer";
			productName = "Flappy Juan Fer";
			productReference = 719FC52B1E1A069F00FDB526 /* Flappy Juan Fer.app */;
			productType = "com.apple.product-type.application";
		};
/* End PBXNativeTarget section */

/* Begin PBXProject section */
		719FC5231E1A069F00FDB526 /* Project object */ = {
			isa = PBXProject;
			attributes = {
				LastSwiftUpdateCheck = 0820;
				LastUpgradeCheck = 0820;
				ORGANIZATIONNAME = Alejandro;
				TargetAttributes = {
					719FC52A1E1A069F00FDB526 = {
						CreatedOnToolsVersion = 8.2.1;
						DevelopmentTeam = XYQR9G9T5T;
						ProvisioningStyle = Automatic;
					};
				};
			};
			buildConfigurationList = 719FC5261E1A069F00FDB526 /* Build configuration list for PBXProject "Flappy Juan Fer" */;
			compatibilityVersion = "Xcode 3.2";
			developmentRegion = English;
			hasScannedForEncodings = 0;
			knownRegions = (
				en,
				Base,
			);
			mainGroup = 719FC5221E1A069F00FDB526;
			productRefGroup = 719FC52C1E1A069F00FDB526 /* Products */;
			projectDirPath = "";
			projectRoot = "";
			targets = (
				719FC52A1E1A069F00FDB526 /* Flappy Juan Fer */,
			);
		};
/* End PBXProject section */

/* Begin PBXResourcesBuildPhase section */
		719FC5291E1A069F00FDB526 /* Resources */ = {
			isa = PBXResourcesBuildPhase;
			buildActionMask = 2147483647;
			files = (
				719FC53A1E1A069F00FDB526 /* Main.storyboard in Resources */,
				719FC56E1E1CC05400FDB526 /* 04B_19__.TTF in Resources */,
				719FC5311E1A069F00FDB526 /* GameScene.sks in Resources */,
				719FC53C1E1A069F00FDB526 /* Assets.xcassets in Resources */,
				719FC53F1E1A069F00FDB526 /* LaunchScreen.storyboard in Resources */,
				719FC5331E1A069F00FDB526 /* Actions.sks in Resources */,
			);
			runOnlyForDeploymentPostprocessing = 0;
		};
/* End PBXResourcesBuildPhase section */

/* Begin PBXSourcesBuildPhase section */
		719FC5271E1A069F00FDB526 /* Sources */ = {
			isa = PBXSourcesBuildPhase;
			buildActionMask = 2147483647;
			files = (
				719FC5351E1A069F00FDB526 /* GameScene.swift in Sources */,
				719FC56C1E1B668000FDB526 /* RamdomFuntion.swift in Sources */,
				719FC5371E1A069F00FDB526 /* GameViewController.swift in Sources */,
				719FC52F1E1A069F00FDB526 /* AppDelegate.swift in Sources */,
			);
			runOnlyForDeploymentPostprocessing = 0;
		};
/* End PBXSourcesBuildPhase section */

/* Begin PBXVariantGroup section */
		719FC5381E1A069F00FDB526 /* Main.storyboard */ = {
			isa = PBXVariantGroup;
			children = (
				719FC5391E1A069F00FDB526 /* Base */,
			);
			name = Main.storyboard;
			sourceTree = "<group>";
		};
		719FC53D1E1A069F00FDB526 /* LaunchScreen.storyboard */ = {
			isa = PBXVariantGroup;
			children = (
				719FC53E1E1A069F00FDB526 /* Base */,
			);
			name = LaunchScreen.storyboard;
			sourceTree = "<group>";
		};
/* End PBXVariantGroup section */

/* Begin XCBuildConfiguration section */
		719FC5411E1A069F00FDB526 /* Debug */ = {
			isa = XCBuildConfiguration;
			buildSettings = {
				ALWAYS_SEARCH_USER_PATHS = NO;
				CLANG_ANALYZER_NONNULL = YES;
				CLANG_CXX_LANGUAGE_STANDARD = "gnu++0x";
				CLANG_CXX_LIBRARY = "libc++";
				CLANG_ENABLE_MODULES = YES;
				CLANG_ENABLE_OBJC_ARC = YES;
				CLANG_WARN_BOOL_CONVERSION = YES;
				CLANG_WARN_CONSTANT_CONVERSION = YES;
				CLANG_WARN_DIRECT_OBJC_ISA_USAGE = YES_ERROR;
				CLANG_WARN_DOCUMENTATION_COMMENTS = YES;
				CLANG_WARN_EMPTY_BODY = YES;
				CLANG_WARN_ENUM_CONVERSION = YES;
				CLANG_WARN_INFINITE_RECURSION = YES;
				CLANG_WARN_INT_CONVERSION = YES;
				CLANG_WARN_OBJC_ROOT_CLASS = YES_ERROR;
				CLANG_WARN_SUSPICIOUS_MOVE = YES;
				CLANG_WARN_UNREACHABLE_CODE = YES;
				CLANG_WARN__DUPLICATE_METHOD_MATCH = YES;
				"CODE_SIGN_IDENTITY[sdk=iphoneos*]" = "iPhone Developer";
				COPY_PHASE_STRIP = NO;
				DEBUG_INFORMATION_FORMAT = dwarf;
				ENABLE_STRICT_OBJC_MSGSEND = YES;
				ENABLE_TESTABILITY = YES;
				GCC_C_LANGUAGE_STANDARD = gnu99;
				GCC_DYNAMIC_NO_PIC = NO;
				GCC_NO_COMMON_BLOCKS = YES;
				GCC_OPTIMIZATION_LEVEL = 0;
				GCC_PREPROCESSOR_DEFINITIONS = (
					"DEBUG=1",
					"$(inherited)",
				);
				GCC_WARN_64_TO_32_BIT_CONVERSION = YES;
				GCC_WARN_ABOUT_RETURN_TYPE = YES_ERROR;
				GCC_WARN_UNDECLARED_SELECTOR = YES;
				GCC_WARN_UNINITIALIZED_AUTOS = YES_AGGRESSIVE;
				GCC_WARN_UNUSED_FUNCTION = YES;
				GCC_WARN_UNUSED_VARIABLE = YES;
				IPHONEOS_DEPLOYMENT_TARGET = 10.2;
				MTL_ENABLE_DEBUG_INFO = YES;
				ONLY_ACTIVE_ARCH = YES;
				SDKROOT = iphoneos;
				SWIFT_ACTIVE_COMPILATION_CONDITIONS = DEBUG;
				SWIFT_OPTIMIZATION_LEVEL = "-Onone";
				TARGETED_DEVICE_FAMILY = "1,2";
			};
			name = Debug;
		};
		719FC5421E1A069F00FDB526 /* Release */ = {
			isa = XCBuildConfiguration;
			buildSettings = {
				ALWAYS_SEARCH_USER_PATHS = NO;
				CLANG_ANALYZER_NONNULL = YES;
				CLANG_CXX_LANGUAGE_STANDARD = "gnu++0x";
				CLANG_CXX_LIBRARY = "libc++";
				CLANG_ENABLE_MODULES = YES;
				CLANG_ENABLE_OBJC_ARC = YES;
				CLANG_WARN_BOOL_CONVERSION = YES;
				CLANG_WARN_CONSTANT_CONVERSION = YES;
				CLANG_WARN_DIRECT_OBJC_ISA_USAGE = YES_ERROR;
				CLANG_WARN_DOCUMENTATION_COMMENTS = YES;
				CLANG_WARN_EMPTY_BODY = YES;
				CLANG_WARN_ENUM_CONVERSION = YES;
				CLANG_WARN_INFINITE_RECURSION = YES;
				CLANG_WARN_INT_CONVERSION = YES;
				CLANG_WARN_OBJC_ROOT_CLASS = YES_ERROR;
				CLANG_WARN_SUSPICIOUS_MOVE = YES;
				CLANG_WARN_UNREACHABLE_CODE = YES;
				CLANG_WARN__DUPLICATE_METHOD_MATCH = YES;
				"CODE_SIGN_IDENTITY[sdk=iphoneos*]" = "iPhone Developer";
				COPY_PHASE_STRIP = NO;
				DEBUG_INFORMATION_FORMAT = "dwarf-with-dsym";
				ENABLE_NS_ASSERTIONS = NO;
				ENABLE_STRICT_OBJC_MSGSEND = YES;
				GCC_C_LANGUAGE_STANDARD = gnu99;
				GCC_NO_COMMON_BLOCKS = YES;
				GCC_WARN_64_TO_32_BIT_CONVERSION = YES;
				GCC_WARN_ABOUT_RETURN_TYPE = YES_ERROR;
				GCC_WARN_UNDECLARED_SELECTOR = YES;
				GCC_WARN_UNINITIALIZED_AUTOS = YES_AGGRESSIVE;
				GCC_WARN_UNUSED_FUNCTION = YES;
				GCC_WARN_UNUSED_VARIABLE = YES;
				IPHONEOS_DEPLOYMENT_TARGET = 10.2;
				MTL_ENABLE_DEBUG_INFO = NO;
				SDKROOT = iphoneos;
				SWIFT_OPTIMIZATION_LEVEL = "-Owholemodule";
				TARGETED_DEVICE_FAMILY = "1,2";
				VALIDATE_PRODUCT = YES;
			};
			name = Release;
		};
		719FC5441E1A069F00FDB526 /* Debug */ = {
			isa = XCBuildConfiguration;
			buildSettings = {
				ASSETCATALOG_COMPILER_APPICON_NAME = AppIcon;
				DEVELOPMENT_TEAM = XYQR9G9T5T;
				INFOPLIST_FILE = "Flappy Juan Fer/Info.plist";
				LD_RUNPATH_SEARCH_PATHS = "$(inherited) @executable_path/Frameworks";
				PRODUCT_BUNDLE_IDENTIFIER = "com.alexhl09.Flappy-Juan-Fer";
				PRODUCT_NAME = "$(TARGET_NAME)";
				SWIFT_VERSION = 3.0;
			};
			name = Debug;
		};
		719FC5451E1A069F00FDB526 /* Release */ = {
			isa = XCBuildConfiguration;
			buildSettings = {
				ASSETCATALOG_COMPILER_APPICON_NAME = AppIcon;
				DEVELOPMENT_TEAM = XYQR9G9T5T;
				INFOPLIST_FILE = "Flappy Juan Fer/Info.plist";
				LD_RUNPATH_SEARCH_PATHS = "$(inherited) @executable_path/Frameworks";
				PRODUCT_BUNDLE_IDENTIFIER = "com.alexhl09.Flappy-Juan-Fer";
				PRODUCT_NAME = "$(TARGET_NAME)";
				SWIFT_VERSION = 3.0;
			};
			name = Release;
		};
/* End XCBuildConfiguration section */

/* Begin XCConfigurationList section */
		719FC5261E1A069F00FDB526 /* Build configuration list for PBXProject "Flappy Juan Fer" */ = {
			isa = XCConfigurationList;
			buildConfigurations = (
				719FC5411E1A069F00FDB526 /* Debug */,
				719FC5421E1A069F00FDB526 /* Release */,
			);
			defaultConfigurationIsVisible = 0;
			defaultConfigurationName = Release;
		};
		719FC5431E1A069F00FDB526 /* Build configuration list for PBXNativeTarget "Flappy Juan Fer" */ = {
			isa = XCConfigurationList;
			buildConfigurations = (
				719FC5441E1A069F00FDB526 /* Debug */,
				719FC5451E1A069F00FDB526 /* Release */,
			);
			defaultConfigurationIsVisible = 0;
			defaultConfigurationName = Release;
		};
/* End XCConfigurationList section */
	};
	rootObject = 719FC5231E1A069F00FDB526 /* Project object */;
}
